<Solution>
  <Project Path="Ejercicio1/Ejercicio1.csproj" Id="f36701e3-4147-4cda-bae6-5d32202402e6" />
  <Project Path="Ejercicio2/Ejercicio2.csproj" Id="d7987788-7a29-416f-95dc-9566bd25363b" />
  <Project Path="Ejercicio3/Ejercicio3.csproj" Id="caba3d69-fca1-40e6-b986-fca773dc5cc1" />
  <Project Path="Ejercicio4/Ejercicio4.csproj" Id="8dad2f4a-b46c-485a-8bdc-5b657cb2c634" />
  <Project Path="Ejercicio5/Ejercicio5.csproj" Id="90df2beb-e033-412a-8de5-cec0264e7a9a" />
  <Project Path="Ejercicio6/Ejercicio6.csproj" Id="eaf572a0-6639-45ac-91eb-1240ed2c54c8" />
  <Project Path="Ejercicio8/Ejercicio8.csproj" Id="75a742dd-859c-49aa-bc0f-d9b26ed617fd" />
</Solution>
